
Microsoft Visual Studio Solution File, Format Version 12.00
# Visual Studio 2013
VisualStudioVersion = 12.0.31101.0
MinimumVisualStudioVersion = 10.0.40219.1
Project("{FAE04EC0-301F-11D3-BF4B-00C04F79EFBC}") = "Tracking.App", "Tracking.App\Tracking.App.csproj", "{8272E0A7-315E-4E49-80D5-857CCB84D109}"
EndProject
Project("{FAE04EC0-301F-11D3-BF4B-00C04F79EFBC}") = "Tracking.Core", "Tracking.Core\Tracking.Core.csproj", "{18F2573B-A7C3-4B57-B1FD-815220929B88}"
EndProject
Project("{FAE04EC0-301F-11D3-BF4B-00C04F79EFBC}") = "Win.Api", "Win.Api\Win.Api\Win.Api.csproj", "{1A51B443-A19A-45B9-B9CC-5E78539C07A0}"
EndProject
Project("{2150E333-8FDC-42A3-9474-1A3956D46DE8}") = ".nuget", ".nuget", "{AE04A623-986C-42EB-BF57-E20260382088}"
	ProjectSection(SolutionItems) = preProject
		.nuget\NuGet.Config = .nuget\NuGet.Config
		.nuget\NuGet.exe = .nuget\NuGet.exe
		.nuget\NuGet.targets = .nuget\NuGet.targets
	EndProjectSection
EndProject
Global
	GlobalSection(SolutionConfigurationPlatforms) = preSolution
		Debug|Any CPU = Debug|Any CPU
		Release|Any CPU = Release|Any CPU
	EndGlobalSection
	GlobalSection(ProjectConfigurationPlatforms) = postSolution
		{8272E0A7-315E-4E49-80D5-857CCB84D109}.Debug|Any CPU.ActiveCfg = Debug|Any CPU
		{8272E0A7-315E-4E49-80D5-857CCB84D109}.Debug|Any CPU.Build.0 = Debug|Any CPU
		{8272E0A7-315E-4E49-80D5-857CCB84D109}.Release|Any CPU.ActiveCfg = Release|Any CPU
		{8272E0A7-315E-4E49-80D5-857CCB84D109}.Release|Any CPU.Build.0 = Release|Any CPU
		{18F2573B-A7C3-4B57-B1FD-815220929B88}.Debug|Any CPU.ActiveCfg = Debug|Any CPU
		{18F2573B-A7C3-4B57-B1FD-815220929B88}.Debug|Any CPU.Build.0 = Debug|Any CPU
		{18F2573B-A7C3-4B57-B1FD-815220929B88}.Release|Any CPU.ActiveCfg = Release|Any CPU
		{18F2573B-A7C3-4B57-B1FD-815220929B88}.Release|Any CPU.Build.0 = Release|Any CPU
		{1A51B443-A19A-45B9-B9CC-5E78539C07A0}.Debug|Any CPU.ActiveCfg = Debug|Any CPU
		{1A51B443-A19A-45B9-B9CC-5E78539C07A0}.Debug|Any CPU.Build.0 = Debug|Any CPU
		{1A51B443-A19A-45B9-B9CC-5E78539C07A0}.Release|Any CPU.ActiveCfg = Release|Any CPU
		{1A51B443-A19A-45B9-B9CC-5E78539C07A0}.Release|Any CPU.Build.0 = Release|Any CPU
	EndGlobalSection
	GlobalSection(SolutionProperties) = preSolution
		HideSolutionNode = FALSE
	EndGlobalSection
EndGlobal
